
Microsoft Visual Studio Solution File, Format Version 12.00
# Visual Studio 15
VisualStudioVersion = 15.0.28010.2036
MinimumVisualStudioVersion = 10.0.40219.1
Project("{FAE04EC0-301F-11D3-BF4B-00C04F79EFBC}") = "Reed-Muller-marijuslau", "Reed-Muller-marijuslau\Reed-Muller-marijuslau.csproj", "{CCCD3E75-763F-43E0-AF63-F8F966801957}"
EndProject
Global
	GlobalSection(SolutionConfigurationPlatforms) = preSolution
		Debug|Any CPU = Debug|Any CPU
		Release|Any CPU = Release|Any CPU
	EndGlobalSection
	GlobalSection(ProjectConfigurationPlatforms) = postSolution
		{CCCD3E75-763F-43E0-AF63-F8F966801957}.Debug|Any CPU.ActiveCfg = Debug|Any CPU
		{CCCD3E75-763F-43E0-AF63-F8F966801957}.Debug|Any CPU.Build.0 = Debug|Any CPU
		{CCCD3E75-763F-43E0-AF63-F8F966801957}.Release|Any CPU.ActiveCfg = Release|Any CPU
		{CCCD3E75-763F-43E0-AF63-F8F966801957}.Release|Any CPU.Build.0 = Release|Any CPU
	EndGlobalSection
	GlobalSection(SolutionProperties) = preSolution
		HideSolutionNode = FALSE
	EndGlobalSection
	GlobalSection(ExtensibilityGlobals) = postSolution
		SolutionGuid = {DCC5EFB5-DD49-4C5F-B9FC-3DCCBA68161C}
	EndGlobalSection
EndGlobal
